{
  "name": "Quarantine-Center-MERN-CRUD-app",
  "lockfileVersion": 3,
  "requires": true,
  "packages": {
    "": {
      "dependencies": {
        "@canvasjs/react-charts": "^1.0.0",
        "sweetalert2": "^11.7.27"
      }
    },
    "node_modules/@canvasjs/charts": {
      "version": "3.7.16",
      "resolved": "https://registry.npmjs.org/@canvasjs/charts/-/charts-3.7.16.tgz",
      "integrity": "sha512-G5MpUi2imI+w1LDDm3GYYuBza3qAruC++/CNnZ4pAuBndfGNlubZRBSXCB87GB4oLKnwNtPeGWic/EPWMlLdeg==",
      "peer": true
    },
    "node_modules/@canvasjs/react-charts": {
      "version": "1.0.0",
      "resolved": "https://registry.npmjs.org/@canvasjs/react-charts/-/react-charts-1.0.0.tgz",
      "integrity": "sha512-wGI675kz65owAwXZWzJULK9GXKCrPV59+CCawXP801f4rmYGmPskdtGrczgJhA8ThFEgIvq3K4qrkpLDPSmxCQ==",
      "peerDependencies": {
        "@canvasjs/charts": "^3.7.5",
        "react": ">=16.0.0"
      }
    },
    "node_modules/js-tokens": {
      "version": "4.0.0",
      "resolved": "https://registry.npmjs.org/js-tokens/-/js-tokens-4.0.0.tgz",
      "integrity": "sha512-RdJUflcE3cUzKiMqQgsCu06FPu9UdIJO0beYbPhHN4k6apgJtifcoCtT9bcxOpYBtpD2kCM6Sbzg4CausW/PKQ==",
      "peer": true
    },
    "node_modules/loose-envify": {
      "version": "1.4.0",
      "resolved": "https://registry.npmjs.org/loose-envify/-/loose-envify-1.4.0.tgz",
      "integrity": "sha512-lyuxPGr/Wfhrlem2CL/UcnUc1zcqKAImBDzukY7Y5F/yQiNdko6+fRLevlw1HgMySw7f611UIY408EtxRSoK3Q==",
      "peer": true,
      "dependencies": {
        "js-tokens": "^3.0.0 || ^4.0.0"
      },
      "bin": {
        "loose-envify": "cli.js"
      }
    },
    "node_modules/react": {
      "version": "18.2.0",
      "resolved": "https://registry.npmjs.org/react/-/react-18.2.0.tgz",
      "integrity": "sha512-/3IjMdb2L9QbBdWiW5e3P2/npwMBaU9mHCSCUzNln0ZCYbcfTsGbTJrU/kGemdH2IWmB2ioZ+zkxtmq6g09fGQ==",
      "peer": true,
      "dependencies": {
        "loose-envify": "^1.1.0"
      },
      "engines": {
        "node": ">=0.10.0"
      }
    },
    "node_modules/sweetalert2": {
      "version": "11.7.27",
      "resolved": "https://registry.npmjs.org/sweetalert2/-/sweetalert2-11.7.27.tgz",
      "integrity": "sha512-QbRXGQn1sb7HEhzA/K2xtWIwQHh/qkSbb1w6jYcTql2xy17876lTREEt1D4X6Q0x2wHtfUjKJ+Cb8IVkRoq7DQ==",
      "funding": {
        "type": "individual",
        "url": "https://github.com/sponsors/limonte"
      }
    }
  }
}
